// !$*UTF8*$!
{
	archiveVersion = 1;
	classes = {
	};
	objectVersion = 50;
	objects = {

/* Begin PBXBuildFile section */
		8836D2ED25588EBD00530931 /* KOPartOfScreenPickerWindow.swift in Sources */ = {isa = PBXBuildFile; fileRef = 8836D2EA25588EBD00530931 /* KOPartOfScreenPickerWindow.swift */; };
		8836D2EE25588EBD00530931 /* KOPartOfScreenSelectionView.swift in Sources */ = {isa = PBXBuildFile; fileRef = 8836D2EB25588EBD00530931 /* KOPartOfScreenSelectionView.swift */; };
		8836D2EF25588EBD00530931 /* KOPartOfScreenPickerViewController.swift in Sources */ = {isa = PBXBuildFile; fileRef = 8836D2EC25588EBD00530931 /* KOPartOfScreenPickerViewController.swift */; };
		8836D2F325588ECD00530931 /* KORecentLocalVideosMenuView.swift in Sources */ = {isa = PBXBuildFile; fileRef = 8836D2F225588ECD00530931 /* KORecentLocalVideosMenuView.swift */; };
		8836D2F825588EFE00530931 /* KOCircularImageButton.swift in Sources */ = {isa = PBXBuildFile; fileRef = 8836D2F525588EFE00530931 /* KOCircularImageButton.swift */; };
		8836D2F925588EFE00530931 /* KOObjectSubscriber.swift in Sources */ = {isa = PBXBuildFile; fileRef = 8836D2F625588EFE00530931 /* KOObjectSubscriber.swift */; };
		8836D2FA25588EFE00530931 /* KOUtilityClasses.swift in Sources */ = {isa = PBXBuildFile; fileRef = 8836D2F725588EFE00530931 /* KOUtilityClasses.swift */; };
		884EEBCD2517AF8300168F9E /* KOPropertiesStore.swift in Sources */ = {isa = PBXBuildFile; fileRef = 884EEBCB2517AF8300168F9E /* KOPropertiesStore.swift */; };
		884EEBCE2517AF8300168F9E /* KOPropertiesDataManager.swift in Sources */ = {isa = PBXBuildFile; fileRef = 884EEBCC2517AF8300168F9E /* KOPropertiesDataManager.swift */; };
		884EEBDD2517AF9300168F9E /* KOCameraPreviewMovableView.swift in Sources */ = {isa = PBXBuildFile; fileRef = 884EEBD12517AF9300168F9E /* KOCameraPreviewMovableView.swift */; };
		884EEBDE2517AF9300168F9E /* KOCameraPreviewMovableViewDragExtension.swift in Sources */ = {isa = PBXBuildFile; fileRef = 884EEBD22517AF9300168F9E /* KOCameraPreviewMovableViewDragExtension.swift */; };
		884EEBDF2517AF9300168F9E /* KOCameraPreviewViewController.swift in Sources */ = {isa = PBXBuildFile; fileRef = 884EEBD32517AF9300168F9E /* KOCameraPreviewViewController.swift */; };
		884EEBE02517AF9300168F9E /* KOCameraPreviewMovableViewResizeExtension.swift in Sources */ = {isa = PBXBuildFile; fileRef = 884EEBD42517AF9300168F9E /* KOCameraPreviewMovableViewResizeExtension.swift */; };
		884EEBE12517AF9300168F9E /* KOOverlayViewController.swift in Sources */ = {isa = PBXBuildFile; fileRef = 884EEBD52517AF9300168F9E /* KOOverlayViewController.swift */; };
		884EEBE22517AF9300168F9E /* KOOverlayPresenterDelegate.swift in Sources */ = {isa = PBXBuildFile; fileRef = 884EEBD72517AF9300168F9E /* KOOverlayPresenterDelegate.swift */; };
		884EEBE32517AF9300168F9E /* KOCameraPreviewPresenterDelegate.swift in Sources */ = {isa = PBXBuildFile; fileRef = 884EEBD82517AF9300168F9E /* KOCameraPreviewPresenterDelegate.swift */; };
		884EEBE42517AF9300168F9E /* KOOverlayViewDelegate.swift in Sources */ = {isa = PBXBuildFile; fileRef = 884EEBD92517AF9300168F9E /* KOOverlayViewDelegate.swift */; };
		884EEBE52517AF9300168F9E /* KOOverlayPresenter.swift in Sources */ = {isa = PBXBuildFile; fileRef = 884EEBDB2517AF9300168F9E /* KOOverlayPresenter.swift */; };
		884EEBE62517AF9300168F9E /* KOCameraPreviewPresenter.swift in Sources */ = {isa = PBXBuildFile; fileRef = 884EEBDC2517AF9300168F9E /* KOCameraPreviewPresenter.swift */; };
		884EEBE92517AFB200168F9E /* KOUserDefaultKeyConstants.swift in Sources */ = {isa = PBXBuildFile; fileRef = 884EEBE82517AFB200168F9E /* KOUserDefaultKeyConstants.swift */; };
		889F7A6425326A8500D7DFBC /* KOClassExtensions.swift in Sources */ = {isa = PBXBuildFile; fileRef = 889F7A6325326A8500D7DFBC /* KOClassExtensions.swift */; };
		88A34F6E24A733A9002DF00F /* KOOverlayWindow.swift in Sources */ = {isa = PBXBuildFile; fileRef = 88A34F6924A733A9002DF00F /* KOOverlayWindow.swift */; };
		88A34F7224A733B1002DF00F /* KOHomeViewController.swift in Sources */ = {isa = PBXBuildFile; fileRef = 88A34F7024A733B1002DF00F /* KOHomeViewController.swift */; };
		88A34F7324A733B1002DF00F /* KOHomeWindow.swift in Sources */ = {isa = PBXBuildFile; fileRef = 88A34F7124A733B1002DF00F /* KOHomeWindow.swift */; };
		88A34F7624A733B8002DF00F /* KOWindowsCoordinatorDelegate.swift in Sources */ = {isa = PBXBuildFile; fileRef = 88A34F7424A733B8002DF00F /* KOWindowsCoordinatorDelegate.swift */; };
		88A34F7724A733B8002DF00F /* KOWindowsCoordinator.swift in Sources */ = {isa = PBXBuildFile; fileRef = 88A34F7524A733B8002DF00F /* KOWindowsCoordinator.swift */; };
		88A34F7B24A733BF002DF00F /* KOMultimediaRecorder.swift in Sources */ = {isa = PBXBuildFile; fileRef = 88A34F7824A733BF002DF00F /* KOMultimediaRecorder.swift */; };
		88A34F7C24A733BF002DF00F /* KOMediaSettingConstants.swift in Sources */ = {isa = PBXBuildFile; fileRef = 88A34F7924A733BF002DF00F /* KOMediaSettingConstants.swift */; };
		88A34F7D24A733BF002DF00F /* KORecordingCoordinator.swift in Sources */ = {isa = PBXBuildFile; fileRef = 88A34F7A24A733BF002DF00F /* KORecordingCoordinator.swift */; };
		88A34F8024A733C6002DF00F /* KOColorProperties.swift in Sources */ = {isa = PBXBuildFile; fileRef = 88A34F7E24A733C6002DF00F /* KOColorProperties.swift */; };
		88A34F8124A733C6002DF00F /* KOConstants.swift in Sources */ = {isa = PBXBuildFile; fileRef = 88A34F7F24A733C6002DF00F /* KOConstants.swift */; };
		88D8829B253E1D4300E24BD7 /* KORecordingSessionProps.swift in Sources */ = {isa = PBXBuildFile; fileRef = 88D8829A253E1D4300E24BD7 /* KORecordingSessionProps.swift */; };
		88F531A72482E93100B11309 /* AppDelegate.swift in Sources */ = {isa = PBXBuildFile; fileRef = 88F531A62482E93100B11309 /* AppDelegate.swift */; };
		88F531AB2482E93100B11309 /* Assets.xcassets in Resources */ = {isa = PBXBuildFile; fileRef = 88F531AA2482E93100B11309 /* Assets.xcassets */; };
		88F531AE2482E93100B11309 /* Preview Assets.xcassets in Resources */ = {isa = PBXBuildFile; fileRef = 88F531AD2482E93100B11309 /* Preview Assets.xcassets */; };
		88F531B12482E93100B11309 /* Main.storyboard in Resources */ = {isa = PBXBuildFile; fileRef = 88F531AF2482E93100B11309 /* Main.storyboard */; };
/* End PBXBuildFile section */

/* Begin PBXFileReference section */
		8836D2EA25588EBD00530931 /* KOPartOfScreenPickerWindow.swift */ = {isa = PBXFileReference; fileEncoding = 4; lastKnownFileType = sourcecode.swift; path = KOPartOfScreenPickerWindow.swift; sourceTree = "<group>"; };
		8836D2EB25588EBD00530931 /* KOPartOfScreenSelectionView.swift */ = {isa = PBXFileReference; fileEncoding = 4; lastKnownFileType = sourcecode.swift; path = KOPartOfScreenSelectionView.swift; sourceTree = "<group>"; };
		8836D2EC25588EBD00530931 /* KOPartOfScreenPickerViewController.swift */ = {isa = PBXFileReference; fileEncoding = 4; lastKnownFileType = sourcecode.swift; path = KOPartOfScreenPickerViewController.swift; sourceTree = "<group>"; };
		8836D2F225588ECD00530931 /* KORecentLocalVideosMenuView.swift */ = {isa = PBXFileReference; fileEncoding = 4; lastKnownFileType = sourcecode.swift; path = KORecentLocalVideosMenuView.swift; sourceTree = "<group>"; };
		8836D2F525588EFE00530931 /* KOCircularImageButton.swift */ = {isa = PBXFileReference; fileEncoding = 4; lastKnownFileType = sourcecode.swift; path = KOCircularImageButton.swift; sourceTree = "<group>"; };
		8836D2F625588EFE00530931 /* KOObjectSubscriber.swift */ = {isa = PBXFileReference; fileEncoding = 4; lastKnownFileType = sourcecode.swift; path = KOObjectSubscriber.swift; sourceTree = "<group>"; };
		8836D2F725588EFE00530931 /* KOUtilityClasses.swift */ = {isa = PBXFileReference; fileEncoding = 4; lastKnownFileType = sourcecode.swift; path = KOUtilityClasses.swift; sourceTree = "<group>"; };
		884EEBCB2517AF8300168F9E /* KOPropertiesStore.swift */ = {isa = PBXFileReference; fileEncoding = 4; lastKnownFileType = sourcecode.swift; path = KOPropertiesStore.swift; sourceTree = "<group>"; };
		884EEBCC2517AF8300168F9E /* KOPropertiesDataManager.swift */ = {isa = PBXFileReference; fileEncoding = 4; lastKnownFileType = sourcecode.swift; path = KOPropertiesDataManager.swift; sourceTree = "<group>"; };
		884EEBD12517AF9300168F9E /* KOCameraPreviewMovableView.swift */ = {isa = PBXFileReference; fileEncoding = 4; lastKnownFileType = sourcecode.swift; path = KOCameraPreviewMovableView.swift; sourceTree = "<group>"; };
		884EEBD22517AF9300168F9E /* KOCameraPreviewMovableViewDragExtension.swift */ = {isa = PBXFileReference; fileEncoding = 4; lastKnownFileType = sourcecode.swift; path = KOCameraPreviewMovableViewDragExtension.swift; sourceTree = "<group>"; };
		884EEBD32517AF9300168F9E /* KOCameraPreviewViewController.swift */ = {isa = PBXFileReference; fileEncoding = 4; lastKnownFileType = sourcecode.swift; path = KOCameraPreviewViewController.swift; sourceTree = "<group>"; };
		884EEBD42517AF9300168F9E /* KOCameraPreviewMovableViewResizeExtension.swift */ = {isa = PBXFileReference; fileEncoding = 4; lastKnownFileType = sourcecode.swift; path = KOCameraPreviewMovableViewResizeExtension.swift; sourceTree = "<group>"; };
		884EEBD52517AF9300168F9E /* KOOverlayViewController.swift */ = {isa = PBXFileReference; fileEncoding = 4; lastKnownFileType = sourcecode.swift; path = KOOverlayViewController.swift; sourceTree = "<group>"; };
		884EEBD72517AF9300168F9E /* KOOverlayPresenterDelegate.swift */ = {isa = PBXFileReference; fileEncoding = 4; lastKnownFileType = sourcecode.swift; path = KOOverlayPresenterDelegate.swift; sourceTree = "<group>"; };
		884EEBD82517AF9300168F9E /* KOCameraPreviewPresenterDelegate.swift */ = {isa = PBXFileReference; fileEncoding = 4; lastKnownFileType = sourcecode.swift; path = KOCameraPreviewPresenterDelegate.swift; sourceTree = "<group>"; };
		884EEBD92517AF9300168F9E /* KOOverlayViewDelegate.swift */ = {isa = PBXFileReference; fileEncoding = 4; lastKnownFileType = sourcecode.swift; path = KOOverlayViewDelegate.swift; sourceTree = "<group>"; };
		884EEBDB2517AF9300168F9E /* KOOverlayPresenter.swift */ = {isa = PBXFileReference; fileEncoding = 4; lastKnownFileType = sourcecode.swift; path = KOOverlayPresenter.swift; sourceTree = "<group>"; };
		884EEBDC2517AF9300168F9E /* KOCameraPreviewPresenter.swift */ = {isa = PBXFileReference; fileEncoding = 4; lastKnownFileType = sourcecode.swift; path = KOCameraPreviewPresenter.swift; sourceTree = "<group>"; };
		884EEBE82517AFB200168F9E /* KOUserDefaultKeyConstants.swift */ = {isa = PBXFileReference; fileEncoding = 4; lastKnownFileType = sourcecode.swift; path = KOUserDefaultKeyConstants.swift; sourceTree = "<group>"; };
		889F7A6325326A8500D7DFBC /* KOClassExtensions.swift */ = {isa = PBXFileReference; fileEncoding = 4; lastKnownFileType = sourcecode.swift; path = KOClassExtensions.swift; sourceTree = "<group>"; };
		88A34F6924A733A9002DF00F /* KOOverlayWindow.swift */ = {isa = PBXFileReference; fileEncoding = 4; lastKnownFileType = sourcecode.swift; path = KOOverlayWindow.swift; sourceTree = "<group>"; };
		88A34F7024A733B1002DF00F /* KOHomeViewController.swift */ = {isa = PBXFileReference; fileEncoding = 4; lastKnownFileType = sourcecode.swift; path = KOHomeViewController.swift; sourceTree = "<group>"; };
		88A34F7124A733B1002DF00F /* KOHomeWindow.swift */ = {isa = PBXFileReference; fileEncoding = 4; lastKnownFileType = sourcecode.swift; path = KOHomeWindow.swift; sourceTree = "<group>"; };
		88A34F7424A733B8002DF00F /* KOWindowsCoordinatorDelegate.swift */ = {isa = PBXFileReference; fileEncoding = 4; lastKnownFileType = sourcecode.swift; path = KOWindowsCoordinatorDelegate.swift; sourceTree = "<group>"; };
		88A34F7524A733B8002DF00F /* KOWindowsCoordinator.swift */ = {isa = PBXFileReference; fileEncoding = 4; lastKnownFileType = sourcecode.swift; path = KOWindowsCoordinator.swift; sourceTree = "<group>"; };
		88A34F7824A733BF002DF00F /* KOMultimediaRecorder.swift */ = {isa = PBXFileReference; fileEncoding = 4; lastKnownFileType = sourcecode.swift; path = KOMultimediaRecorder.swift; sourceTree = "<group>"; };
		88A34F7924A733BF002DF00F /* KOMediaSettingConstants.swift */ = {isa = PBXFileReference; fileEncoding = 4; lastKnownFileType = sourcecode.swift; path = KOMediaSettingConstants.swift; sourceTree = "<group>"; };
		88A34F7A24A733BF002DF00F /* KORecordingCoordinator.swift */ = {isa = PBXFileReference; fileEncoding = 4; lastKnownFileType = sourcecode.swift; path = KORecordingCoordinator.swift; sourceTree = "<group>"; };
		88A34F7E24A733C6002DF00F /* KOColorProperties.swift */ = {isa = PBXFileReference; fileEncoding = 4; lastKnownFileType = sourcecode.swift; path = KOColorProperties.swift; sourceTree = "<group>"; };
		88A34F7F24A733C6002DF00F /* KOConstants.swift */ = {isa = PBXFileReference; fileEncoding = 4; lastKnownFileType = sourcecode.swift; path = KOConstants.swift; sourceTree = "<group>"; };
		88D8829A253E1D4300E24BD7 /* KORecordingSessionProps.swift */ = {isa = PBXFileReference; fileEncoding = 4; lastKnownFileType = sourcecode.swift; path = KORecordingSessionProps.swift; sourceTree = "<group>"; };
		88F531A32482E93100B11309 /* Kaanoly.app */ = {isa = PBXFileReference; explicitFileType = wrapper.application; includeInIndex = 0; path = Kaanoly.app; sourceTree = BUILT_PRODUCTS_DIR; };
		88F531A62482E93100B11309 /* AppDelegate.swift */ = {isa = PBXFileReference; lastKnownFileType = sourcecode.swift; path = AppDelegate.swift; sourceTree = "<group>"; };
		88F531AA2482E93100B11309 /* Assets.xcassets */ = {isa = PBXFileReference; lastKnownFileType = folder.assetcatalog; path = Assets.xcassets; sourceTree = "<group>"; };
		88F531AD2482E93100B11309 /* Preview Assets.xcassets */ = {isa = PBXFileReference; lastKnownFileType = folder.assetcatalog; path = "Preview Assets.xcassets"; sourceTree = "<group>"; };
		88F531B02482E93100B11309 /* Base */ = {isa = PBXFileReference; lastKnownFileType = file.storyboard; name = Base; path = Base.lproj/Main.storyboard; sourceTree = "<group>"; };
		88F531B22482E93100B11309 /* Info.plist */ = {isa = PBXFileReference; lastKnownFileType = text.plist.xml; path = Info.plist; sourceTree = "<group>"; };
		88F531B32482E93100B11309 /* Kaanoly.entitlements */ = {isa = PBXFileReference; lastKnownFileType = text.plist.entitlements; path = Kaanoly.entitlements; sourceTree = "<group>"; };
/* End PBXFileReference section */

/* Begin PBXFrameworksBuildPhase section */
		88F531A02482E93100B11309 /* Frameworks */ = {
			isa = PBXFrameworksBuildPhase;
			buildActionMask = 2147483647;
			files = (
			);
			runOnlyForDeploymentPostprocessing = 0;
		};
/* End PBXFrameworksBuildPhase section */

/* Begin PBXGroup section */
		8836D2E925588EAF00530931 /* PartOfScreenPickerModule */ = {
			isa = PBXGroup;
			children = (
				8836D2EC25588EBD00530931 /* KOPartOfScreenPickerViewController.swift */,
				8836D2EA25588EBD00530931 /* KOPartOfScreenPickerWindow.swift */,
				8836D2EB25588EBD00530931 /* KOPartOfScreenSelectionView.swift */,
			);
			path = PartOfScreenPickerModule;
			sourceTree = "<group>";
		};
		8836D2F125588EC500530931 /* Menu */ = {
			isa = PBXGroup;
			children = (
				8836D2F225588ECD00530931 /* KORecentLocalVideosMenuView.swift */,
			);
			path = Menu;
			sourceTree = "<group>";
		};
		884EEBC82517ADEB00168F9E /* PropertiesModule */ = {
			isa = PBXGroup;
			children = (
				884EEBCC2517AF8300168F9E /* KOPropertiesDataManager.swift */,
				884EEBCB2517AF8300168F9E /* KOPropertiesStore.swift */,
			);
			path = PropertiesModule;
			sourceTree = "<group>";
		};
		884EEBD02517AF9300168F9E /* View */ = {
			isa = PBXGroup;
			children = (
				884EEBD12517AF9300168F9E /* KOCameraPreviewMovableView.swift */,
				884EEBD22517AF9300168F9E /* KOCameraPreviewMovableViewDragExtension.swift */,
				884EEBD32517AF9300168F9E /* KOCameraPreviewViewController.swift */,
				884EEBD42517AF9300168F9E /* KOCameraPreviewMovableViewResizeExtension.swift */,
				884EEBD52517AF9300168F9E /* KOOverlayViewController.swift */,
			);
			path = View;
			sourceTree = "<group>";
		};
		884EEBD62517AF9300168F9E /* Protocols */ = {
			isa = PBXGroup;
			children = (
				884EEBD72517AF9300168F9E /* KOOverlayPresenterDelegate.swift */,
				884EEBD82517AF9300168F9E /* KOCameraPreviewPresenterDelegate.swift */,
				884EEBD92517AF9300168F9E /* KOOverlayViewDelegate.swift */,
			);
			path = Protocols;
			sourceTree = "<group>";
		};
		884EEBDA2517AF9300168F9E /* Presenter */ = {
			isa = PBXGroup;
			children = (
				884EEBDB2517AF9300168F9E /* KOOverlayPresenter.swift */,
				884EEBDC2517AF9300168F9E /* KOCameraPreviewPresenter.swift */,
			);
			path = Presenter;
			sourceTree = "<group>";
		};
		88A34F6124A732C9002DF00F /* Utilities */ = {
			isa = PBXGroup;
			children = (
				884EEBE82517AFB200168F9E /* KOUserDefaultKeyConstants.swift */,
				88A34F7E24A733C6002DF00F /* KOColorProperties.swift */,
				88A34F7F24A733C6002DF00F /* KOConstants.swift */,
				889F7A6325326A8500D7DFBC /* KOClassExtensions.swift */,
				8836D2F525588EFE00530931 /* KOCircularImageButton.swift */,
				8836D2F625588EFE00530931 /* KOObjectSubscriber.swift */,
				8836D2F725588EFE00530931 /* KOUtilityClasses.swift */,
			);
			path = Utilities;
			sourceTree = "<group>";
		};
		88A34F6224A732D3002DF00F /* RecordingModule */ = {
			isa = PBXGroup;
			children = (
				88A34F7924A733BF002DF00F /* KOMediaSettingConstants.swift */,
				88A34F7824A733BF002DF00F /* KOMultimediaRecorder.swift */,
				88A34F7A24A733BF002DF00F /* KORecordingCoordinator.swift */,
				88D8829A253E1D4300E24BD7 /* KORecordingSessionProps.swift */,
			);
			path = RecordingModule;
			sourceTree = "<group>";
		};
		88A34F6324A732E0002DF00F /* Coordinators */ = {
			isa = PBXGroup;
			children = (
				88A34F7524A733B8002DF00F /* KOWindowsCoordinator.swift */,
				88A34F7424A733B8002DF00F /* KOWindowsCoordinatorDelegate.swift */,
			);
			path = Coordinators;
			sourceTree = "<group>";
		};
		88A34F6424A732E9002DF00F /* HomeModule */ = {
			isa = PBXGroup;
			children = (
				88A34F7024A733B1002DF00F /* KOHomeViewController.swift */,
				88A34F7124A733B1002DF00F /* KOHomeWindow.swift */,
			);
			path = HomeModule;
			sourceTree = "<group>";
		};
		88A34F6524A732F4002DF00F /* OverlayModule */ = {
			isa = PBXGroup;
			children = (
				884EEBDA2517AF9300168F9E /* Presenter */,
				884EEBD62517AF9300168F9E /* Protocols */,
				884EEBD02517AF9300168F9E /* View */,
				88A34F6924A733A9002DF00F /* KOOverlayWindow.swift */,
			);
			path = OverlayModule;
			sourceTree = "<group>";
		};
		88F5319A2482E93100B11309 = {
			isa = PBXGroup;
			children = (
				88F531A52482E93100B11309 /* Kaanoly */,
				88F531A42482E93100B11309 /* Products */,
			);
			sourceTree = "<group>";
		};
		88F531A42482E93100B11309 /* Products */ = {
			isa = PBXGroup;
			children = (
				88F531A32482E93100B11309 /* Kaanoly.app */,
			);
			name = Products;
			sourceTree = "<group>";
		};
		88F531A52482E93100B11309 /* Kaanoly */ = {
			isa = PBXGroup;
			children = (
				8836D2F125588EC500530931 /* Menu */,
				8836D2E925588EAF00530931 /* PartOfScreenPickerModule */,
				884EEBC82517ADEB00168F9E /* PropertiesModule */,
				88A34F6524A732F4002DF00F /* OverlayModule */,
				88A34F6424A732E9002DF00F /* HomeModule */,
				88A34F6324A732E0002DF00F /* Coordinators */,
				88A34F6224A732D3002DF00F /* RecordingModule */,
				88A34F6124A732C9002DF00F /* Utilities */,
				88F531A62482E93100B11309 /* AppDelegate.swift */,
				88F531AA2482E93100B11309 /* Assets.xcassets */,
				88F531AF2482E93100B11309 /* Main.storyboard */,
				88F531B22482E93100B11309 /* Info.plist */,
				88F531B32482E93100B11309 /* Kaanoly.entitlements */,
				88F531AC2482E93100B11309 /* Preview Content */,
			);
			path = Kaanoly;
			sourceTree = "<group>";
		};
		88F531AC2482E93100B11309 /* Preview Content */ = {
			isa = PBXGroup;
			children = (
				88F531AD2482E93100B11309 /* Preview Assets.xcassets */,
			);
			path = "Preview Content";
			sourceTree = "<group>";
		};
/* End PBXGroup section */

/* Begin PBXNativeTarget section */
		88F531A22482E93100B11309 /* Kaanoly */ = {
			isa = PBXNativeTarget;
			buildConfigurationList = 88F531B62482E93100B11309 /* Build configuration list for PBXNativeTarget "Kaanoly" */;
			buildPhases = (
				88F5319F2482E93100B11309 /* Sources */,
				88F531A02482E93100B11309 /* Frameworks */,
				88F531A12482E93100B11309 /* Resources */,
			);
			buildRules = (
			);
			dependencies = (
			);
			name = Kaanoly;
			productName = Kaanoly;
			productReference = 88F531A32482E93100B11309 /* Kaanoly.app */;
			productType = "com.apple.product-type.application";
		};
/* End PBXNativeTarget section */

/* Begin PBXProject section */
		88F5319B2482E93100B11309 /* Project object */ = {
			isa = PBXProject;
			attributes = {
				LastSwiftUpdateCheck = 1120;
				LastUpgradeCheck = 1120;
				ORGANIZATIONNAME = Ghost;
				TargetAttributes = {
					88F531A22482E93100B11309 = {
						CreatedOnToolsVersion = 11.2;
					};
				};
			};
			buildConfigurationList = 88F5319E2482E93100B11309 /* Build configuration list for PBXProject "Kaanoly" */;
			compatibilityVersion = "Xcode 9.3";
			developmentRegion = en;
			hasScannedForEncodings = 0;
			knownRegions = (
				en,
				Base,
			);
			mainGroup = 88F5319A2482E93100B11309;
			productRefGroup = 88F531A42482E93100B11309 /* Products */;
			projectDirPath = "";
			projectRoot = "";
			targets = (
				88F531A22482E93100B11309 /* Kaanoly */,
			);
		};
/* End PBXProject section */

/* Begin PBXResourcesBuildPhase section */
		88F531A12482E93100B11309 /* Resources */ = {
			isa = PBXResourcesBuildPhase;
			buildActionMask = 2147483647;
			files = (
				88F531B12482E93100B11309 /* Main.storyboard in Resources */,
				88F531AE2482E93100B11309 /* Preview Assets.xcassets in Resources */,
				88F531AB2482E93100B11309 /* Assets.xcassets in Resources */,
			);
			runOnlyForDeploymentPostprocessing = 0;
		};
/* End PBXResourcesBuildPhase section */

/* Begin PBXSourcesBuildPhase section */
		88F5319F2482E93100B11309 /* Sources */ = {
			isa = PBXSourcesBuildPhase;
			buildActionMask = 2147483647;
			files = (
				88A34F7324A733B1002DF00F /* KOHomeWindow.swift in Sources */,
				88A34F7624A733B8002DF00F /* KOWindowsCoordinatorDelegate.swift in Sources */,
				884EEBDF2517AF9300168F9E /* KOCameraPreviewViewController.swift in Sources */,
				884EEBE42517AF9300168F9E /* KOOverlayViewDelegate.swift in Sources */,
				884EEBDD2517AF9300168F9E /* KOCameraPreviewMovableView.swift in Sources */,
				8836D2EF25588EBD00530931 /* KOPartOfScreenPickerViewController.swift in Sources */,
				88D8829B253E1D4300E24BD7 /* KORecordingSessionProps.swift in Sources */,
				884EEBDE2517AF9300168F9E /* KOCameraPreviewMovableViewDragExtension.swift in Sources */,
				889F7A6425326A8500D7DFBC /* KOClassExtensions.swift in Sources */,
				8836D2F825588EFE00530931 /* KOCircularImageButton.swift in Sources */,
				884EEBE92517AFB200168F9E /* KOUserDefaultKeyConstants.swift in Sources */,
				8836D2F325588ECD00530931 /* KORecentLocalVideosMenuView.swift in Sources */,
				88A34F7D24A733BF002DF00F /* KORecordingCoordinator.swift in Sources */,
				88A34F7724A733B8002DF00F /* KOWindowsCoordinator.swift in Sources */,
				88A34F8024A733C6002DF00F /* KOColorProperties.swift in Sources */,
				88A34F7B24A733BF002DF00F /* KOMultimediaRecorder.swift in Sources */,
				884EEBE32517AF9300168F9E /* KOCameraPreviewPresenterDelegate.swift in Sources */,
				88A34F6E24A733A9002DF00F /* KOOverlayWindow.swift in Sources */,
				884EEBE22517AF9300168F9E /* KOOverlayPresenterDelegate.swift in Sources */,
				88A34F7C24A733BF002DF00F /* KOMediaSettingConstants.swift in Sources */,
				884EEBE12517AF9300168F9E /* KOOverlayViewController.swift in Sources */,
				884EEBE02517AF9300168F9E /* KOCameraPreviewMovableViewResizeExtension.swift in Sources */,
				88A34F8124A733C6002DF00F /* KOConstants.swift in Sources */,
				88F531A72482E93100B11309 /* AppDelegate.swift in Sources */,
				8836D2F925588EFE00530931 /* KOObjectSubscriber.swift in Sources */,
				8836D2FA25588EFE00530931 /* KOUtilityClasses.swift in Sources */,
				8836D2EE25588EBD00530931 /* KOPartOfScreenSelectionView.swift in Sources */,
				884EEBCD2517AF8300168F9E /* KOPropertiesStore.swift in Sources */,
				884EEBE52517AF9300168F9E /* KOOverlayPresenter.swift in Sources */,
				884EEBE62517AF9300168F9E /* KOCameraPreviewPresenter.swift in Sources */,
				88A34F7224A733B1002DF00F /* KOHomeViewController.swift in Sources */,
				8836D2ED25588EBD00530931 /* KOPartOfScreenPickerWindow.swift in Sources */,
				884EEBCE2517AF8300168F9E /* KOPropertiesDataManager.swift in Sources */,
			);
			runOnlyForDeploymentPostprocessing = 0;
		};
/* End PBXSourcesBuildPhase section */

/* Begin PBXVariantGroup section */
		88F531AF2482E93100B11309 /* Main.storyboard */ = {
			isa = PBXVariantGroup;
			children = (
				88F531B02482E93100B11309 /* Base */,
			);
			name = Main.storyboard;
			sourceTree = "<group>";
		};
/* End PBXVariantGroup section */

/* Begin XCBuildConfiguration section */
		88F531B42482E93100B11309 /* Debug */ = {
			isa = XCBuildConfiguration;
			buildSettings = {
				ALWAYS_SEARCH_USER_PATHS = NO;
				CLANG_ANALYZER_NONNULL = YES;
				CLANG_ANALYZER_NUMBER_OBJECT_CONVERSION = YES_AGGRESSIVE;
				CLANG_CXX_LANGUAGE_STANDARD = "gnu++14";
				CLANG_CXX_LIBRARY = "libc++";
				CLANG_ENABLE_MODULES = YES;
				CLANG_ENABLE_OBJC_ARC = YES;
				CLANG_ENABLE_OBJC_WEAK = YES;
				CLANG_WARN_BLOCK_CAPTURE_AUTORELEASING = YES;
				CLANG_WARN_BOOL_CONVERSION = YES;
				CLANG_WARN_COMMA = YES;
				CLANG_WARN_CONSTANT_CONVERSION = YES;
				CLANG_WARN_DEPRECATED_OBJC_IMPLEMENTATIONS = YES;
				CLANG_WARN_DIRECT_OBJC_ISA_USAGE = YES_ERROR;
				CLANG_WARN_DOCUMENTATION_COMMENTS = YES;
				CLANG_WARN_EMPTY_BODY = YES;
				CLANG_WARN_ENUM_CONVERSION = YES;
				CLANG_WARN_INFINITE_RECURSION = YES;
				CLANG_WARN_INT_CONVERSION = YES;
				CLANG_WARN_NON_LITERAL_NULL_CONVERSION = YES;
				CLANG_WARN_OBJC_IMPLICIT_RETAIN_SELF = YES;
				CLANG_WARN_OBJC_LITERAL_CONVERSION = YES;
				CLANG_WARN_OBJC_ROOT_CLASS = YES_ERROR;
				CLANG_WARN_RANGE_LOOP_ANALYSIS = YES;
				CLANG_WARN_STRICT_PROTOTYPES = YES;
				CLANG_WARN_SUSPICIOUS_MOVE = YES;
				CLANG_WARN_UNGUARDED_AVAILABILITY = YES_AGGRESSIVE;
				CLANG_WARN_UNREACHABLE_CODE = YES;
				CLANG_WARN__DUPLICATE_METHOD_MATCH = YES;
				COPY_PHASE_STRIP = NO;
				DEBUG_INFORMATION_FORMAT = dwarf;
				ENABLE_STRICT_OBJC_MSGSEND = YES;
				ENABLE_TESTABILITY = YES;
				GCC_C_LANGUAGE_STANDARD = gnu11;
				GCC_DYNAMIC_NO_PIC = NO;
				GCC_NO_COMMON_BLOCKS = YES;
				GCC_OPTIMIZATION_LEVEL = 0;
				GCC_PREPROCESSOR_DEFINITIONS = (
					"DEBUG=1",
					"$(inherited)",
				);
				GCC_WARN_64_TO_32_BIT_CONVERSION = YES;
				GCC_WARN_ABOUT_RETURN_TYPE = YES_ERROR;
				GCC_WARN_UNDECLARED_SELECTOR = YES;
				GCC_WARN_UNINITIALIZED_AUTOS = YES_AGGRESSIVE;
				GCC_WARN_UNUSED_FUNCTION = YES;
				GCC_WARN_UNUSED_VARIABLE = YES;
				MACOSX_DEPLOYMENT_TARGET = 10.15;
				MTL_ENABLE_DEBUG_INFO = INCLUDE_SOURCE;
				MTL_FAST_MATH = YES;
				ONLY_ACTIVE_ARCH = YES;
				SDKROOT = macosx;
				SWIFT_ACTIVE_COMPILATION_CONDITIONS = DEBUG;
				SWIFT_OPTIMIZATION_LEVEL = "-Onone";
			};
			name = Debug;
		};
		88F531B52482E93100B11309 /* Release */ = {
			isa = XCBuildConfiguration;
			buildSettings = {
				ALWAYS_SEARCH_USER_PATHS = NO;
				CLANG_ANALYZER_NONNULL = YES;
				CLANG_ANALYZER_NUMBER_OBJECT_CONVERSION = YES_AGGRESSIVE;
				CLANG_CXX_LANGUAGE_STANDARD = "gnu++14";
				CLANG_CXX_LIBRARY = "libc++";
				CLANG_ENABLE_MODULES = YES;
				CLANG_ENABLE_OBJC_ARC = YES;
				CLANG_ENABLE_OBJC_WEAK = YES;
				CLANG_WARN_BLOCK_CAPTURE_AUTORELEASING = YES;
				CLANG_WARN_BOOL_CONVERSION = YES;
				CLANG_WARN_COMMA = YES;
				CLANG_WARN_CONSTANT_CONVERSION = YES;
				CLANG_WARN_DEPRECATED_OBJC_IMPLEMENTATIONS = YES;
				CLANG_WARN_DIRECT_OBJC_ISA_USAGE = YES_ERROR;
				CLANG_WARN_DOCUMENTATION_COMMENTS = YES;
				CLANG_WARN_EMPTY_BODY = YES;
				CLANG_WARN_ENUM_CONVERSION = YES;
				CLANG_WARN_INFINITE_RECURSION = YES;
				CLANG_WARN_INT_CONVERSION = YES;
				CLANG_WARN_NON_LITERAL_NULL_CONVERSION = YES;
				CLANG_WARN_OBJC_IMPLICIT_RETAIN_SELF = YES;
				CLANG_WARN_OBJC_LITERAL_CONVERSION = YES;
				CLANG_WARN_OBJC_ROOT_CLASS = YES_ERROR;
				CLANG_WARN_RANGE_LOOP_ANALYSIS = YES;
				CLANG_WARN_STRICT_PROTOTYPES = YES;
				CLANG_WARN_SUSPICIOUS_MOVE = YES;
				CLANG_WARN_UNGUARDED_AVAILABILITY = YES_AGGRESSIVE;
				CLANG_WARN_UNREACHABLE_CODE = YES;
				CLANG_WARN__DUPLICATE_METHOD_MATCH = YES;
				COPY_PHASE_STRIP = NO;
				DEBUG_INFORMATION_FORMAT = "dwarf-with-dsym";
				ENABLE_NS_ASSERTIONS = NO;
				ENABLE_STRICT_OBJC_MSGSEND = YES;
				GCC_C_LANGUAGE_STANDARD = gnu11;
				GCC_NO_COMMON_BLOCKS = YES;
				GCC_WARN_64_TO_32_BIT_CONVERSION = YES;
				GCC_WARN_ABOUT_RETURN_TYPE = YES_ERROR;
				GCC_WARN_UNDECLARED_SELECTOR = YES;
				GCC_WARN_UNINITIALIZED_AUTOS = YES_AGGRESSIVE;
				GCC_WARN_UNUSED_FUNCTION = YES;
				GCC_WARN_UNUSED_VARIABLE = YES;
				MACOSX_DEPLOYMENT_TARGET = 10.15;
				MTL_ENABLE_DEBUG_INFO = NO;
				MTL_FAST_MATH = YES;
				SDKROOT = macosx;
				SWIFT_COMPILATION_MODE = wholemodule;
				SWIFT_OPTIMIZATION_LEVEL = "-O";
			};
			name = Release;
		};
		88F531B72482E93100B11309 /* Debug */ = {
			isa = XCBuildConfiguration;
			buildSettings = {
				ASSETCATALOG_COMPILER_APPICON_NAME = AppIcon;
				CODE_SIGN_ENTITLEMENTS = Kaanoly/Kaanoly.entitlements;
				CODE_SIGN_STYLE = Automatic;
				COMBINE_HIDPI_IMAGES = YES;
				DEVELOPMENT_ASSET_PATHS = "\"Kaanoly/Preview Content\"";
				DEVELOPMENT_TEAM = 2P37A69V42;
				ENABLE_HARDENED_RUNTIME = YES;
				ENABLE_PREVIEWS = YES;
				INFOPLIST_FILE = Kaanoly/Info.plist;
				LD_RUNPATH_SEARCH_PATHS = (
					"$(inherited)",
					"@executable_path/../Frameworks",
				);
				MACOSX_DEPLOYMENT_TARGET = 10.15;
				PRODUCT_BUNDLE_IDENTIFIER = com.ghost.Kaanoly;
				PRODUCT_NAME = "$(TARGET_NAME)";
				SWIFT_VERSION = 5.0;
			};
			name = Debug;
		};
		88F531B82482E93100B11309 /* Release */ = {
			isa = XCBuildConfiguration;
			buildSettings = {
				ASSETCATALOG_COMPILER_APPICON_NAME = AppIcon;
				CODE_SIGN_ENTITLEMENTS = Kaanoly/Kaanoly.entitlements;
				CODE_SIGN_STYLE = Automatic;
				COMBINE_HIDPI_IMAGES = YES;
				DEVELOPMENT_ASSET_PATHS = "\"Kaanoly/Preview Content\"";
				DEVELOPMENT_TEAM = 2P37A69V42;
				ENABLE_HARDENED_RUNTIME = YES;
				ENABLE_PREVIEWS = YES;
				INFOPLIST_FILE = Kaanoly/Info.plist;
				LD_RUNPATH_SEARCH_PATHS = (
					"$(inherited)",
					"@executable_path/../Frameworks",
				);
				MACOSX_DEPLOYMENT_TARGET = 10.15;
				PRODUCT_BUNDLE_IDENTIFIER = com.ghost.Kaanoly;
				PRODUCT_NAME = "$(TARGET_NAME)";
				SWIFT_VERSION = 5.0;
			};
			name = Release;
		};
/* End XCBuildConfiguration section */

/* Begin XCConfigurationList section */
		88F5319E2482E93100B11309 /* Build configuration list for PBXProject "Kaanoly" */ = {
			isa = XCConfigurationList;
			buildConfigurations = (
				88F531B42482E93100B11309 /* Debug */,
				88F531B52482E93100B11309 /* Release */,
			);
			defaultConfigurationIsVisible = 0;
			defaultConfigurationName = Release;
		};
		88F531B62482E93100B11309 /* Build configuration list for PBXNativeTarget "Kaanoly" */ = {
			isa = XCConfigurationList;
			buildConfigurations = (
				88F531B72482E93100B11309 /* Debug */,
				88F531B82482E93100B11309 /* Release */,
			);
			defaultConfigurationIsVisible = 0;
			defaultConfigurationName = Release;
		};
/* End XCConfigurationList section */
	};
	rootObject = 88F5319B2482E93100B11309 /* Project object */;
}
